Microsoft Visual Studio Solution File, Format Version 12.00
# Visual Studio Version 17.0
#
# xmake version 2.9.2+master.c0ce25f5e
#
#   This file is auto generated by xmake.
#
#   Please DO NOT EDIT since all your modification will lost after re-generation.
#   See https://github.com/xmake-io/xmake/pull/472 for more infomation.
#
VisualStudioVersion = 17.0
MinimumVisualStudioVersion = 10.0.40219.1
Project("{8BC9CEB8-8B4A-11D0-8D11-00A0C91BC942}") = "test-Engine", "test-Engine\test-Engine.vcxproj", "{A32066DB-E828-4DC1-9E97-A49F442918A1}"
EndProject


Project("{2150E333-8FDC-42A3-9474-1A3956D46DE8}") = "Properties", "Properties", "{007754BD-BB1F-452F-A0D8-13EF216C5ED9}"
	ProjectSection(SolutionItems) = preProject
		Xmake.Custom.props = Xmake.Custom.props
		Xmake.Custom.targets = Xmake.Custom.targets
		..\xmake.lua = ..\xmake.lua
	EndProjectSection
EndProject
Global
	GlobalSection(SolutionConfigurationPlatforms) = preSolution
		debug|x64 = debug|x64
		release|x64 = release|x64
	EndGlobalSection
	GlobalSection(ProjectConfigurationPlatforms) = postSolution
		{A32066DB-E828-4DC1-9E97-A49F442918A1}.debug|x64.ActiveCfg = debug|x64
		{A32066DB-E828-4DC1-9E97-A49F442918A1}.debug|x64.Build.0 = debug|x64
		{A32066DB-E828-4DC1-9E97-A49F442918A1}.release|x64.ActiveCfg = release|x64
		{A32066DB-E828-4DC1-9E97-A49F442918A1}.release|x64.Build.0 = release|x64
	EndGlobalSection
	GlobalSection(SolutionProperties) = preSolution
		HideSolutionNode = FALSE
	EndGlobalSection
	GlobalSection(NestedProjects) = preSolution
	EndGlobalSection
	GlobalSection(ExtensibilityGlobals) = postSolution
		SolutionGuid = {4BD57121-ECB4-4FD3-A6E7-B0E61505C43A}
	EndGlobalSection
EndGlobal
